
Microsoft Visual Studio Solution File, Format Version 12.00
# Visual Studio 15
VisualStudioVersion = 15.0.28307.1169
MinimumVisualStudioVersion = 10.0.40219.1
Project("{FAE04EC0-301F-11D3-BF4B-00C04F79EFBC}") = "prjFirstMVC", "prjFirstMVC\prjFirstMVC.csproj", "{B384B993-82DD-46E3-8959-A68AE8F78E77}"
EndProject
Global
	GlobalSection(SolutionConfigurationPlatforms) = preSolution
		Debug|Any CPU = Debug|Any CPU
		Release|Any CPU = Release|Any CPU
	EndGlobalSection
	GlobalSection(ProjectConfigurationPlatforms) = postSolution
		{B384B993-82DD-46E3-8959-A68AE8F78E77}.Debug|Any CPU.ActiveCfg = Debug|Any CPU
		{B384B993-82DD-46E3-8959-A68AE8F78E77}.Debug|Any CPU.Build.0 = Debug|Any CPU
		{B384B993-82DD-46E3-8959-A68AE8F78E77}.Release|Any CPU.ActiveCfg = Release|Any CPU
		{B384B993-82DD-46E3-8959-A68AE8F78E77}.Release|Any CPU.Build.0 = Release|Any CPU
	EndGlobalSection
	GlobalSection(SolutionProperties) = preSolution
		HideSolutionNode = FALSE
	EndGlobalSection
	GlobalSection(ExtensibilityGlobals) = postSolution
		SolutionGuid = {0CC9F08B-E26B-466A-8B44-1360EFF9A76F}
	EndGlobalSection
EndGlobal
